
Microsoft Visual Studio Solution File, Format Version 12.00
# Visual Studio Version 17
VisualStudioVersion = 17.9.34902.65
MinimumVisualStudioVersion = 10.0.40219.1
Project("{FAE04EC0-301F-11D3-BF4B-00C04F79EFBC}") = "AppDotnet", "AppDotnet\AppDotnet.csproj", "{4D652E45-6A5E-4FBB-9DFC-F2EF55888C39}"
EndProject
Global
	GlobalSection(SolutionConfigurationPlatforms) = preSolution
		Debug|Any CPU = Debug|Any CPU
		Release|Any CPU = Release|Any CPU
	EndGlobalSection
	GlobalSection(ProjectConfigurationPlatforms) = postSolution
		{4D652E45-6A5E-4FBB-9DFC-F2EF55888C39}.Debug|Any CPU.ActiveCfg = Debug|Any CPU
		{4D652E45-6A5E-4FBB-9DFC-F2EF55888C39}.Debug|Any CPU.Build.0 = Debug|Any CPU
		{4D652E45-6A5E-4FBB-9DFC-F2EF55888C39}.Release|Any CPU.ActiveCfg = Release|Any CPU
		{4D652E45-6A5E-4FBB-9DFC-F2EF55888C39}.Release|Any CPU.Build.0 = Release|Any CPU
	EndGlobalSection
	GlobalSection(SolutionProperties) = preSolution
		HideSolutionNode = FALSE
	EndGlobalSection
	GlobalSection(ExtensibilityGlobals) = postSolution
		SolutionGuid = {3FF9E25F-DA4A-47C3-AB75-835DBEF679E0}
	EndGlobalSection
EndGlobal
